
Microsoft Visual Studio Solution File, Format Version 12.00
# Visual Studio 14
VisualStudioVersion = 14.0.25420.1
MinimumVisualStudioVersion = 10.0.40219.1
Project("{FAE04EC0-301F-11D3-BF4B-00C04F79EFBC}") = "Prometheus", "Prometheus\Prometheus.csproj", "{C898ED5D-D2C7-42ED-9370-FF739D29BCE9}"
EndProject
Project("{2150E333-8FDC-42A3-9474-1A3956D46DE8}") = "PublishScripts", "PublishScripts", "{E417EA5B-186A-4FDD-BC8C-FCA67DD45301}"
	ProjectSection(SolutionItems) = preProject
		PublishScripts\AzureVMPublishModule.psm1 = PublishScripts\AzureVMPublishModule.psm1
		PublishScripts\Publish-WebApplicationVM.ps1 = PublishScripts\Publish-WebApplicationVM.ps1
	EndProjectSection
EndProject
Project("{2150E333-8FDC-42A3-9474-1A3956D46DE8}") = "Configurations", "Configurations", "{841DCD35-542B-451C-9272-79B04F53637E}"
	ProjectSection(SolutionItems) = preProject
		PublishScripts\Configurations\Prometheus-VM-dev.json = PublishScripts\Configurations\Prometheus-VM-dev.json
	EndProjectSection
EndProject
Global
	GlobalSection(SolutionConfigurationPlatforms) = preSolution
		Debug|Any CPU = Debug|Any CPU
		Debug|x64 = Debug|x64
		Debug|x86 = Debug|x86
		Release|Any CPU = Release|Any CPU
		Release|x64 = Release|x64
		Release|x86 = Release|x86
	EndGlobalSection
	GlobalSection(ProjectConfigurationPlatforms) = postSolution
		{C898ED5D-D2C7-42ED-9370-FF739D29BCE9}.Debug|Any CPU.ActiveCfg = Debug|Any CPU
		{C898ED5D-D2C7-42ED-9370-FF739D29BCE9}.Debug|Any CPU.Build.0 = Debug|Any CPU
		{C898ED5D-D2C7-42ED-9370-FF739D29BCE9}.Debug|x64.ActiveCfg = Debug|x64
		{C898ED5D-D2C7-42ED-9370-FF739D29BCE9}.Debug|x64.Build.0 = Debug|x64
		{C898ED5D-D2C7-42ED-9370-FF739D29BCE9}.Debug|x86.ActiveCfg = Debug|x86
		{C898ED5D-D2C7-42ED-9370-FF739D29BCE9}.Debug|x86.Build.0 = Debug|x86
		{C898ED5D-D2C7-42ED-9370-FF739D29BCE9}.Release|Any CPU.ActiveCfg = Release|x86
		{C898ED5D-D2C7-42ED-9370-FF739D29BCE9}.Release|Any CPU.Build.0 = Release|x86
		{C898ED5D-D2C7-42ED-9370-FF739D29BCE9}.Release|x64.ActiveCfg = Release|x64
		{C898ED5D-D2C7-42ED-9370-FF739D29BCE9}.Release|x64.Build.0 = Release|x64
		{C898ED5D-D2C7-42ED-9370-FF739D29BCE9}.Release|x86.ActiveCfg = Release|x86
		{C898ED5D-D2C7-42ED-9370-FF739D29BCE9}.Release|x86.Build.0 = Release|x86
	EndGlobalSection
	GlobalSection(SolutionProperties) = preSolution
		HideSolutionNode = FALSE
	EndGlobalSection
	GlobalSection(NestedProjects) = preSolution
		{841DCD35-542B-451C-9272-79B04F53637E} = {E417EA5B-186A-4FDD-BC8C-FCA67DD45301}
	EndGlobalSection
EndGlobal
